// !$*UTF8*$!
{
	archiveVersion = 1;
	classes = {
	};
	objectVersion = 46;
	objects = {

/* Begin PBXFileReference section */
		917CA67E1E01033F00DD4AE0 /* New.java */ = {isa = PBXFileReference; fileEncoding = 4; lastKnownFileType = sourcecode.java; path = New.java; sourceTree = "<group>"; };
		917CA67F1E03231600DD4AE0 /* controller */ = {isa = PBXFileReference; lastKnownFileType = folder; name = controller; path = ../src/controller; sourceTree = "<group>"; };
		917CA6801E03231600DD4AE0 /* model */ = {isa = PBXFileReference; lastKnownFileType = folder; name = model; path = ../src/model; sourceTree = "<group>"; };
		917CA6811E03231600DD4AE0 /* runner */ = {isa = PBXFileReference; lastKnownFileType = folder; name = runner; path = ../src/runner; sourceTree = "<group>"; };
		917CA6821E03231600DD4AE0 /* view */ = {isa = PBXFileReference; lastKnownFileType = folder; name = view; path = ../src/view; sourceTree = "<group>"; };
		917CA6831E03240600DD4AE0 /* Makefile */ = {isa = PBXFileReference; fileEncoding = 4; lastKnownFileType = sourcecode.make; path = Makefile; sourceTree = "<group>"; };
/* End PBXFileReference section */

/* Begin PBXGroup section */
		917CA6731E0101B800DD4AE0 = {
			isa = PBXGroup;
			children = (
				917CA6831E03240600DD4AE0 /* Makefile */,
				917CA67E1E01033F00DD4AE0 /* New.java */,
				917CA67F1E03231600DD4AE0 /* controller */,
				917CA6801E03231600DD4AE0 /* model */,
				917CA6811E03231600DD4AE0 /* runner */,
				917CA6821E03231600DD4AE0 /* view */,
			);
			sourceTree = "<group>";
		};
/* End PBXGroup section */

/* Begin PBXLegacyTarget section */
		917CA6781E0101B800DD4AE0 /* Civilization */ = {
			isa = PBXLegacyTarget;
			buildArgumentsString = "$(ACTION)";
			buildConfigurationList = 917CA67B1E0101B900DD4AE0 /* Build configuration list for PBXLegacyTarget "Civilization" */;
			buildPhases = (
			);
			buildToolPath = /usr/bin/make;
			buildWorkingDirectory = "/Users/Cliff/Google Drive/cs1331/homework/civilization_fall16/src/main/src";
			dependencies = (
			);
			name = Civilization;
			passBuildSettingsInEnvironment = 0;
			productName = Civilization;
		};
/* End PBXLegacyTarget section */

/* Begin PBXProject section */
		917CA6741E0101B800DD4AE0 /* Project object */ = {
			isa = PBXProject;
			attributes = {
				LastUpgradeCheck = 0810;
				ORGANIZATIONNAME = panOS;
				TargetAttributes = {
					917CA6781E0101B800DD4AE0 = {
						CreatedOnToolsVersion = 8.1;
						DevelopmentTeam = V7HL83ZN6U;
						ProvisioningStyle = Automatic;
					};
				};
			};
			buildConfigurationList = 917CA6771E0101B800DD4AE0 /* Build configuration list for PBXProject "Civilization" */;
			compatibilityVersion = "Xcode 3.2";
			developmentRegion = English;
			hasScannedForEncodings = 0;
			knownRegions = (
				en,
			);
			mainGroup = 917CA6731E0101B800DD4AE0;
			projectDirPath = "";
			projectRoot = "";
			targets = (
				917CA6781E0101B800DD4AE0 /* Civilization */,
			);
		};
/* End PBXProject section */

/* Begin XCBuildConfiguration section */
		917CA6791E0101B900DD4AE0 /* Debug */ = {
			isa = XCBuildConfiguration;
			buildSettings = {
				ALWAYS_SEARCH_USER_PATHS = NO;
				CLANG_ANALYZER_NONNULL = YES;
				CLANG_CXX_LANGUAGE_STANDARD = "gnu++0x";
				CLANG_CXX_LIBRARY = "libc++";
				CLANG_ENABLE_MODULES = YES;
				CLANG_ENABLE_OBJC_ARC = YES;
				CLANG_WARN_BOOL_CONVERSION = YES;
				CLANG_WARN_CONSTANT_CONVERSION = YES;
				CLANG_WARN_DIRECT_OBJC_ISA_USAGE = YES_ERROR;
				CLANG_WARN_DOCUMENTATION_COMMENTS = YES;
				CLANG_WARN_EMPTY_BODY = YES;
				CLANG_WARN_ENUM_CONVERSION = YES;
				CLANG_WARN_INFINITE_RECURSION = YES;
				CLANG_WARN_INT_CONVERSION = YES;
				CLANG_WARN_OBJC_ROOT_CLASS = YES_ERROR;
				CLANG_WARN_SUSPICIOUS_MOVES = YES;
				CLANG_WARN_UNREACHABLE_CODE = YES;
				CLANG_WARN__DUPLICATE_METHOD_MATCH = YES;
				COPY_PHASE_STRIP = NO;
				DEBUG_INFORMATION_FORMAT = dwarf;
				ENABLE_STRICT_OBJC_MSGSEND = YES;
				ENABLE_TESTABILITY = YES;
				GCC_C_LANGUAGE_STANDARD = gnu99;
				GCC_DYNAMIC_NO_PIC = NO;
				GCC_NO_COMMON_BLOCKS = YES;
				GCC_OPTIMIZATION_LEVEL = 0;
				GCC_PREPROCESSOR_DEFINITIONS = (
					"DEBUG=1",
					"$(inherited)",
				);
				GCC_WARN_64_TO_32_BIT_CONVERSION = YES;
				GCC_WARN_ABOUT_RETURN_TYPE = YES_ERROR;
				GCC_WARN_UNDECLARED_SELECTOR = YES;
				GCC_WARN_UNINITIALIZED_AUTOS = YES_AGGRESSIVE;
				GCC_WARN_UNUSED_FUNCTION = YES;
				GCC_WARN_UNUSED_VARIABLE = YES;
				MTL_ENABLE_DEBUG_INFO = YES;
				ONLY_ACTIVE_ARCH = YES;
			};
			name = Debug;
		};
		917CA67A1E0101B900DD4AE0 /* Release */ = {
			isa = XCBuildConfiguration;
			buildSettings = {
				ALWAYS_SEARCH_USER_PATHS = NO;
				CLANG_ANALYZER_NONNULL = YES;
				CLANG_CXX_LANGUAGE_STANDARD = "gnu++0x";
				CLANG_CXX_LIBRARY = "libc++";
				CLANG_ENABLE_MODULES = YES;
				CLANG_ENABLE_OBJC_ARC = YES;
				CLANG_WARN_BOOL_CONVERSION = YES;
				CLANG_WARN_CONSTANT_CONVERSION = YES;
				CLANG_WARN_DIRECT_OBJC_ISA_USAGE = YES_ERROR;
				CLANG_WARN_DOCUMENTATION_COMMENTS = YES;
				CLANG_WARN_EMPTY_BODY = YES;
				CLANG_WARN_ENUM_CONVERSION = YES;
				CLANG_WARN_INFINITE_RECURSION = YES;
				CLANG_WARN_INT_CONVERSION = YES;
				CLANG_WARN_OBJC_ROOT_CLASS = YES_ERROR;
				CLANG_WARN_SUSPICIOUS_MOVES = YES;
				CLANG_WARN_UNREACHABLE_CODE = YES;
				CLANG_WARN__DUPLICATE_METHOD_MATCH = YES;
				COPY_PHASE_STRIP = NO;
				DEBUG_INFORMATION_FORMAT = "dwarf-with-dsym";
				ENABLE_NS_ASSERTIONS = NO;
				ENABLE_STRICT_OBJC_MSGSEND = YES;
				GCC_C_LANGUAGE_STANDARD = gnu99;
				GCC_NO_COMMON_BLOCKS = YES;
				GCC_WARN_64_TO_32_BIT_CONVERSION = YES;
				GCC_WARN_ABOUT_RETURN_TYPE = YES_ERROR;
				GCC_WARN_UNDECLARED_SELECTOR = YES;
				GCC_WARN_UNINITIALIZED_AUTOS = YES_AGGRESSIVE;
				GCC_WARN_UNUSED_FUNCTION = YES;
				GCC_WARN_UNUSED_VARIABLE = YES;
				MTL_ENABLE_DEBUG_INFO = NO;
			};
			name = Release;
		};
		917CA67C1E0101B900DD4AE0 /* Debug */ = {
			isa = XCBuildConfiguration;
			buildSettings = {
				DEBUGGING_SYMBOLS = YES;
				DEBUG_INFORMATION_FORMAT = dwarf;
				DEVELOPMENT_TEAM = V7HL83ZN6U;
				GCC_GENERATE_DEBUGGING_SYMBOLS = YES;
				GCC_OPTIMIZATION_LEVEL = 0;
				OTHER_CFLAGS = "";
				OTHER_LDFLAGS = "";
				PRODUCT_NAME = "$(TARGET_NAME)";
			};
			name = Debug;
		};
		917CA67D1E0101B900DD4AE0 /* Release */ = {
			isa = XCBuildConfiguration;
			buildSettings = {
				DEBUG_INFORMATION_FORMAT = "dwarf-with-dsym";
				DEVELOPMENT_TEAM = V7HL83ZN6U;
				OTHER_CFLAGS = "";
				OTHER_LDFLAGS = "";
				PRODUCT_NAME = "$(TARGET_NAME)";
			};
			name = Release;
		};
/* End XCBuildConfiguration section */

/* Begin XCConfigurationList section */
		917CA6771E0101B800DD4AE0 /* Build configuration list for PBXProject "Civilization" */ = {
			isa = XCConfigurationList;
			buildConfigurations = (
				917CA6791E0101B900DD4AE0 /* Debug */,
				917CA67A1E0101B900DD4AE0 /* Release */,
			);
			defaultConfigurationIsVisible = 0;
			defaultConfigurationName = Release;
		};
		917CA67B1E0101B900DD4AE0 /* Build configuration list for PBXLegacyTarget "Civilization" */ = {
			isa = XCConfigurationList;
			buildConfigurations = (
				917CA67C1E0101B900DD4AE0 /* Debug */,
				917CA67D1E0101B900DD4AE0 /* Release */,
			);
			defaultConfigurationIsVisible = 0;
			defaultConfigurationName = Release;
		};
/* End XCConfigurationList section */
	};
	rootObject = 917CA6741E0101B800DD4AE0 /* Project object */;
}
